// !$*UTF8*$!
{
	archiveVersion = 1;
	classes = {
	};
	objectVersion = 50;
	objects = {

/* Begin PBXBuildFile section */
		645F217C2708571000D5C4CE /* NewBookView.swift in Sources */ = {isa = PBXBuildFile; fileRef = 645F217B2708571000D5C4CE /* NewBookView.swift */; };
		645F217F2708596C00D5C4CE /* ReviewAndImageStack.swift in Sources */ = {isa = PBXBuildFile; fileRef = 645F217E2708596C00D5C4CE /* ReviewAndImageStack.swift */; };
		64F90EB627076849003F8990 /* PHPickerViewController.swift in Sources */ = {isa = PBXBuildFile; fileRef = 64F90EB527076849003F8990 /* PHPickerViewController.swift */; };
		64FB91B92705CF7C0073C774 /* ReadMeApp.swift in Sources */ = {isa = PBXBuildFile; fileRef = 64FB91B82705CF7C0073C774 /* ReadMeApp.swift */; };
		64FB91BB2705CF7C0073C774 /* ContentView.swift in Sources */ = {isa = PBXBuildFile; fileRef = 64FB91BA2705CF7C0073C774 /* ContentView.swift */; };
		64FB91BD2705CF800073C774 /* Assets.xcassets in Resources */ = {isa = PBXBuildFile; fileRef = 64FB91BC2705CF800073C774 /* Assets.xcassets */; };
		64FB91C02705CF800073C774 /* Preview Assets.xcassets in Resources */ = {isa = PBXBuildFile; fileRef = 64FB91BF2705CF800073C774 /* Preview Assets.xcassets */; };
		64FB91C92705DF610073C774 /* Book.swift in Sources */ = {isa = PBXBuildFile; fileRef = 64FB91C82705DF610073C774 /* Book.swift */; };
		64FB91CD2705E0700073C774 /* BookViews.swift in Sources */ = {isa = PBXBuildFile; fileRef = 64FB91CC2705E0700073C774 /* BookViews.swift */; };
		64FB91D12705E8E00073C774 /* Library.swift in Sources */ = {isa = PBXBuildFile; fileRef = 64FB91D02705E8E00073C774 /* Library.swift */; };
		64FB91D42705EA820073C774 /* DetailView.swift in Sources */ = {isa = PBXBuildFile; fileRef = 64FB91D32705EA820073C774 /* DetailView.swift */; };
/* End PBXBuildFile section */

/* Begin PBXFileReference section */
		645F217B2708571000D5C4CE /* NewBookView.swift */ = {isa = PBXFileReference; lastKnownFileType = sourcecode.swift; path = NewBookView.swift; sourceTree = "<group>"; };
		645F217E2708596C00D5C4CE /* ReviewAndImageStack.swift */ = {isa = PBXFileReference; lastKnownFileType = sourcecode.swift; path = ReviewAndImageStack.swift; sourceTree = "<group>"; };
		64F90EB527076849003F8990 /* PHPickerViewController.swift */ = {isa = PBXFileReference; lastKnownFileType = sourcecode.swift; path = PHPickerViewController.swift; sourceTree = "<group>"; };
		64FB91B52705CF7C0073C774 /* ReadMe.app */ = {isa = PBXFileReference; explicitFileType = wrapper.application; includeInIndex = 0; path = ReadMe.app; sourceTree = BUILT_PRODUCTS_DIR; };
		64FB91B82705CF7C0073C774 /* ReadMeApp.swift */ = {isa = PBXFileReference; lastKnownFileType = sourcecode.swift; path = ReadMeApp.swift; sourceTree = "<group>"; };
		64FB91BA2705CF7C0073C774 /* ContentView.swift */ = {isa = PBXFileReference; lastKnownFileType = sourcecode.swift; path = ContentView.swift; sourceTree = "<group>"; };
		64FB91BC2705CF800073C774 /* Assets.xcassets */ = {isa = PBXFileReference; lastKnownFileType = folder.assetcatalog; path = Assets.xcassets; sourceTree = "<group>"; };
		64FB91BF2705CF800073C774 /* Preview Assets.xcassets */ = {isa = PBXFileReference; lastKnownFileType = folder.assetcatalog; path = "Preview Assets.xcassets"; sourceTree = "<group>"; };
		64FB91C12705CF800073C774 /* Info.plist */ = {isa = PBXFileReference; lastKnownFileType = text.plist.xml; path = Info.plist; sourceTree = "<group>"; };
		64FB91C82705DF610073C774 /* Book.swift */ = {isa = PBXFileReference; lastKnownFileType = sourcecode.swift; path = Book.swift; sourceTree = "<group>"; };
		64FB91CC2705E0700073C774 /* BookViews.swift */ = {isa = PBXFileReference; lastKnownFileType = sourcecode.swift; path = BookViews.swift; sourceTree = "<group>"; };
		64FB91D02705E8E00073C774 /* Library.swift */ = {isa = PBXFileReference; lastKnownFileType = sourcecode.swift; path = Library.swift; sourceTree = "<group>"; };
		64FB91D32705EA820073C774 /* DetailView.swift */ = {isa = PBXFileReference; lastKnownFileType = sourcecode.swift; path = DetailView.swift; sourceTree = "<group>"; };
/* End PBXFileReference section */

/* Begin PBXFrameworksBuildPhase section */
		64FB91B22705CF7C0073C774 /* Frameworks */ = {
			isa = PBXFrameworksBuildPhase;
			buildActionMask = 2147483647;
			files = (
			);
			runOnlyForDeploymentPostprocessing = 0;
		};
/* End PBXFrameworksBuildPhase section */

/* Begin PBXGroup section */
		64FB91AC2705CF7C0073C774 = {
			isa = PBXGroup;
			children = (
				64FB91B72705CF7C0073C774 /* ReadMe */,
				64FB91B62705CF7C0073C774 /* Products */,
			);
			sourceTree = "<group>";
		};
		64FB91B62705CF7C0073C774 /* Products */ = {
			isa = PBXGroup;
			children = (
				64FB91B52705CF7C0073C774 /* ReadMe.app */,
			);
			name = Products;
			sourceTree = "<group>";
		};
		64FB91B72705CF7C0073C774 /* ReadMe */ = {
			isa = PBXGroup;
			children = (
				64FB91B82705CF7C0073C774 /* ReadMeApp.swift */,
				64FB91CB2705E05C0073C774 /* Views */,
				64FB91C82705DF610073C774 /* Book.swift */,
				64FB91D02705E8E00073C774 /* Library.swift */,
				64FB91BC2705CF800073C774 /* Assets.xcassets */,
				64FB91C12705CF800073C774 /* Info.plist */,
				64FB91BE2705CF800073C774 /* Preview Content */,
			);
			path = ReadMe;
			sourceTree = "<group>";
		};
		64FB91BE2705CF800073C774 /* Preview Content */ = {
			isa = PBXGroup;
			children = (
				64FB91BF2705CF800073C774 /* Preview Assets.xcassets */,
			);
			path = "Preview Content";
			sourceTree = "<group>";
		};
		64FB91CB2705E05C0073C774 /* Views */ = {
			isa = PBXGroup;
			children = (
				64FB91BA2705CF7C0073C774 /* ContentView.swift */,
				64FB91CC2705E0700073C774 /* BookViews.swift */,
				645F217E2708596C00D5C4CE /* ReviewAndImageStack.swift */,
				64FB91D32705EA820073C774 /* DetailView.swift */,
				645F217B2708571000D5C4CE /* NewBookView.swift */,
				64F90EB527076849003F8990 /* PHPickerViewController.swift */,
			);
			path = Views;
			sourceTree = "<group>";
		};
/* End PBXGroup section */

/* Begin PBXNativeTarget section */
		64FB91B42705CF7C0073C774 /* ReadMe */ = {
			isa = PBXNativeTarget;
			buildConfigurationList = 64FB91C42705CF800073C774 /* Build configuration list for PBXNativeTarget "ReadMe" */;
			buildPhases = (
				64FB91B12705CF7C0073C774 /* Sources */,
				64FB91B22705CF7C0073C774 /* Frameworks */,
				64FB91B32705CF7C0073C774 /* Resources */,
			);
			buildRules = (
			);
			dependencies = (
			);
			name = ReadMe;
			productName = ReadMe;
			productReference = 64FB91B52705CF7C0073C774 /* ReadMe.app */;
			productType = "com.apple.product-type.application";
		};
/* End PBXNativeTarget section */

/* Begin PBXProject section */
		64FB91AD2705CF7C0073C774 /* Project object */ = {
			isa = PBXProject;
			attributes = {
				LastSwiftUpdateCheck = 1230;
				LastUpgradeCheck = 1230;
				TargetAttributes = {
					64FB91B42705CF7C0073C774 = {
						CreatedOnToolsVersion = 12.3;
					};
				};
			};
			buildConfigurationList = 64FB91B02705CF7C0073C774 /* Build configuration list for PBXProject "ReadMe" */;
			compatibilityVersion = "Xcode 9.3";
			developmentRegion = en;
			hasScannedForEncodings = 0;
			knownRegions = (
				en,
				Base,
			);
			mainGroup = 64FB91AC2705CF7C0073C774;
			productRefGroup = 64FB91B62705CF7C0073C774 /* Products */;
			projectDirPath = "";
			projectRoot = "";
			targets = (
				64FB91B42705CF7C0073C774 /* ReadMe */,
			);
		};
/* End PBXProject section */

/* Begin PBXResourcesBuildPhase section */
		64FB91B32705CF7C0073C774 /* Resources */ = {
			isa = PBXResourcesBuildPhase;
			buildActionMask = 2147483647;
			files = (
				64FB91C02705CF800073C774 /* Preview Assets.xcassets in Resources */,
				64FB91BD2705CF800073C774 /* Assets.xcassets in Resources */,
			);
			runOnlyForDeploymentPostprocessing = 0;
		};
/* End PBXResourcesBuildPhase section */

/* Begin PBXSourcesBuildPhase section */
		64FB91B12705CF7C0073C774 /* Sources */ = {
			isa = PBXSourcesBuildPhase;
			buildActionMask = 2147483647;
			files = (
				64FB91BB2705CF7C0073C774 /* ContentView.swift in Sources */,
				64FB91D42705EA820073C774 /* DetailView.swift in Sources */,
				64FB91B92705CF7C0073C774 /* ReadMeApp.swift in Sources */,
				64FB91D12705E8E00073C774 /* Library.swift in Sources */,
				645F217C2708571000D5C4CE /* NewBookView.swift in Sources */,
				64FB91C92705DF610073C774 /* Book.swift in Sources */,
				64F90EB627076849003F8990 /* PHPickerViewController.swift in Sources */,
				645F217F2708596C00D5C4CE /* ReviewAndImageStack.swift in Sources */,
				64FB91CD2705E0700073C774 /* BookViews.swift in Sources */,
			);
			runOnlyForDeploymentPostprocessing = 0;
		};
/* End PBXSourcesBuildPhase section */

/* Begin XCBuildConfiguration section */
		64FB91C22705CF800073C774 /* Debug */ = {
			isa = XCBuildConfiguration;
			buildSettings = {
				ALWAYS_SEARCH_USER_PATHS = NO;
				CLANG_ANALYZER_NONNULL = YES;
				CLANG_ANALYZER_NUMBER_OBJECT_CONVERSION = YES_AGGRESSIVE;
				CLANG_CXX_LANGUAGE_STANDARD = "gnu++14";
				CLANG_CXX_LIBRARY = "libc++";
				CLANG_ENABLE_MODULES = YES;
				CLANG_ENABLE_OBJC_ARC = YES;
				CLANG_ENABLE_OBJC_WEAK = YES;
				CLANG_WARN_BLOCK_CAPTURE_AUTORELEASING = YES;
				CLANG_WARN_BOOL_CONVERSION = YES;
				CLANG_WARN_COMMA = YES;
				CLANG_WARN_CONSTANT_CONVERSION = YES;
				CLANG_WARN_DEPRECATED_OBJC_IMPLEMENTATIONS = YES;
				CLANG_WARN_DIRECT_OBJC_ISA_USAGE = YES_ERROR;
				CLANG_WARN_DOCUMENTATION_COMMENTS = YES;
				CLANG_WARN_EMPTY_BODY = YES;
				CLANG_WARN_ENUM_CONVERSION = YES;
				CLANG_WARN_INFINITE_RECURSION = YES;
				CLANG_WARN_INT_CONVERSION = YES;
				CLANG_WARN_NON_LITERAL_NULL_CONVERSION = YES;
				CLANG_WARN_OBJC_IMPLICIT_RETAIN_SELF = YES;
				CLANG_WARN_OBJC_LITERAL_CONVERSION = YES;
				CLANG_WARN_OBJC_ROOT_CLASS = YES_ERROR;
				CLANG_WARN_QUOTED_INCLUDE_IN_FRAMEWORK_HEADER = YES;
				CLANG_WARN_RANGE_LOOP_ANALYSIS = YES;
				CLANG_WARN_STRICT_PROTOTYPES = YES;
				CLANG_WARN_SUSPICIOUS_MOVE = YES;
				CLANG_WARN_UNGUARDED_AVAILABILITY = YES_AGGRESSIVE;
				CLANG_WARN_UNREACHABLE_CODE = YES;
				CLANG_WARN__DUPLICATE_METHOD_MATCH = YES;
				COPY_PHASE_STRIP = NO;
				DEBUG_INFORMATION_FORMAT = dwarf;
				ENABLE_STRICT_OBJC_MSGSEND = YES;
				ENABLE_TESTABILITY = YES;
				GCC_C_LANGUAGE_STANDARD = gnu11;
				GCC_DYNAMIC_NO_PIC = NO;
				GCC_NO_COMMON_BLOCKS = YES;
				GCC_OPTIMIZATION_LEVEL = 0;
				GCC_PREPROCESSOR_DEFINITIONS = (
					"DEBUG=1",
					"$(inherited)",
				);
				GCC_WARN_64_TO_32_BIT_CONVERSION = YES;
				GCC_WARN_ABOUT_RETURN_TYPE = YES_ERROR;
				GCC_WARN_UNDECLARED_SELECTOR = YES;
				GCC_WARN_UNINITIALIZED_AUTOS = YES_AGGRESSIVE;
				GCC_WARN_UNUSED_FUNCTION = YES;
				GCC_WARN_UNUSED_VARIABLE = YES;
				IPHONEOS_DEPLOYMENT_TARGET = 14.3;
				MTL_ENABLE_DEBUG_INFO = INCLUDE_SOURCE;
				MTL_FAST_MATH = YES;
				ONLY_ACTIVE_ARCH = YES;
				SDKROOT = iphoneos;
				SWIFT_ACTIVE_COMPILATION_CONDITIONS = DEBUG;
				SWIFT_OPTIMIZATION_LEVEL = "-Onone";
			};
			name = Debug;
		};
		64FB91C32705CF800073C774 /* Release */ = {
			isa = XCBuildConfiguration;
			buildSettings = {
				ALWAYS_SEARCH_USER_PATHS = NO;
				CLANG_ANALYZER_NONNULL = YES;
				CLANG_ANALYZER_NUMBER_OBJECT_CONVERSION = YES_AGGRESSIVE;
				CLANG_CXX_LANGUAGE_STANDARD = "gnu++14";
				CLANG_CXX_LIBRARY = "libc++";
				CLANG_ENABLE_MODULES = YES;
				CLANG_ENABLE_OBJC_ARC = YES;
				CLANG_ENABLE_OBJC_WEAK = YES;
				CLANG_WARN_BLOCK_CAPTURE_AUTORELEASING = YES;
				CLANG_WARN_BOOL_CONVERSION = YES;
				CLANG_WARN_COMMA = YES;
				CLANG_WARN_CONSTANT_CONVERSION = YES;
				CLANG_WARN_DEPRECATED_OBJC_IMPLEMENTATIONS = YES;
				CLANG_WARN_DIRECT_OBJC_ISA_USAGE = YES_ERROR;
				CLANG_WARN_DOCUMENTATION_COMMENTS = YES;
				CLANG_WARN_EMPTY_BODY = YES;
				CLANG_WARN_ENUM_CONVERSION = YES;
				CLANG_WARN_INFINITE_RECURSION = YES;
				CLANG_WARN_INT_CONVERSION = YES;
				CLANG_WARN_NON_LITERAL_NULL_CONVERSION = YES;
				CLANG_WARN_OBJC_IMPLICIT_RETAIN_SELF = YES;
				CLANG_WARN_OBJC_LITERAL_CONVERSION = YES;
				CLANG_WARN_OBJC_ROOT_CLASS = YES_ERROR;
				CLANG_WARN_QUOTED_INCLUDE_IN_FRAMEWORK_HEADER = YES;
				CLANG_WARN_RANGE_LOOP_ANALYSIS = YES;
				CLANG_WARN_STRICT_PROTOTYPES = YES;
				CLANG_WARN_SUSPICIOUS_MOVE = YES;
				CLANG_WARN_UNGUARDED_AVAILABILITY = YES_AGGRESSIVE;
				CLANG_WARN_UNREACHABLE_CODE = YES;
				CLANG_WARN__DUPLICATE_METHOD_MATCH = YES;
				COPY_PHASE_STRIP = NO;
				DEBUG_INFORMATION_FORMAT = "dwarf-with-dsym";
				ENABLE_NS_ASSERTIONS = NO;
				ENABLE_STRICT_OBJC_MSGSEND = YES;
				GCC_C_LANGUAGE_STANDARD = gnu11;
				GCC_NO_COMMON_BLOCKS = YES;
				GCC_WARN_64_TO_32_BIT_CONVERSION = YES;
				GCC_WARN_ABOUT_RETURN_TYPE = YES_ERROR;
				GCC_WARN_UNDECLARED_SELECTOR = YES;
				GCC_WARN_UNINITIALIZED_AUTOS = YES_AGGRESSIVE;
				GCC_WARN_UNUSED_FUNCTION = YES;
				GCC_WARN_UNUSED_VARIABLE = YES;
				IPHONEOS_DEPLOYMENT_TARGET = 14.3;
				MTL_ENABLE_DEBUG_INFO = NO;
				MTL_FAST_MATH = YES;
				SDKROOT = iphoneos;
				SWIFT_COMPILATION_MODE = wholemodule;
				SWIFT_OPTIMIZATION_LEVEL = "-O";
				VALIDATE_PRODUCT = YES;
			};
			name = Release;
		};
		64FB91C52705CF800073C774 /* Debug */ = {
			isa = XCBuildConfiguration;
			buildSettings = {
				ASSETCATALOG_COMPILER_APPICON_NAME = AppIcon;
				ASSETCATALOG_COMPILER_GLOBAL_ACCENT_COLOR_NAME = AccentColor;
				CODE_SIGN_STYLE = Automatic;
				DEVELOPMENT_ASSET_PATHS = "\"ReadMe/Preview Content\"";
				DEVELOPMENT_TEAM = ADGVHR56U4;
				ENABLE_PREVIEWS = YES;
				INFOPLIST_FILE = ReadMe/Info.plist;
				IPHONEOS_DEPLOYMENT_TARGET = 14.0;
				LD_RUNPATH_SEARCH_PATHS = (
					"$(inherited)",
					"@executable_path/Frameworks",
				);
				PRODUCT_BUNDLE_IDENTIFIER = net.growdev.ReadMe;
				PRODUCT_NAME = "$(TARGET_NAME)";
				SWIFT_VERSION = 5.0;
				TARGETED_DEVICE_FAMILY = "1,2";
			};
			name = Debug;
		};
		64FB91C62705CF800073C774 /* Release */ = {
			isa = XCBuildConfiguration;
			buildSettings = {
				ASSETCATALOG_COMPILER_APPICON_NAME = AppIcon;
				ASSETCATALOG_COMPILER_GLOBAL_ACCENT_COLOR_NAME = AccentColor;
				CODE_SIGN_STYLE = Automatic;
				DEVELOPMENT_ASSET_PATHS = "\"ReadMe/Preview Content\"";
				DEVELOPMENT_TEAM = ADGVHR56U4;
				ENABLE_PREVIEWS = YES;
				INFOPLIST_FILE = ReadMe/Info.plist;
				IPHONEOS_DEPLOYMENT_TARGET = 14.0;
				LD_RUNPATH_SEARCH_PATHS = (
					"$(inherited)",
					"@executable_path/Frameworks",
				);
				PRODUCT_BUNDLE_IDENTIFIER = net.growdev.ReadMe;
				PRODUCT_NAME = "$(TARGET_NAME)";
				SWIFT_VERSION = 5.0;
				TARGETED_DEVICE_FAMILY = "1,2";
			};
			name = Release;
		};
/* End XCBuildConfiguration section */

/* Begin XCConfigurationList section */
		64FB91B02705CF7C0073C774 /* Build configuration list for PBXProject "ReadMe" */ = {
			isa = XCConfigurationList;
			buildConfigurations = (
				64FB91C22705CF800073C774 /* Debug */,
				64FB91C32705CF800073C774 /* Release */,
			);
			defaultConfigurationIsVisible = 0;
			defaultConfigurationName = Release;
		};
		64FB91C42705CF800073C774 /* Build configuration list for PBXNativeTarget "ReadMe" */ = {
			isa = XCConfigurationList;
			buildConfigurations = (
				64FB91C52705CF800073C774 /* Debug */,
				64FB91C62705CF800073C774 /* Release */,
			);
			defaultConfigurationIsVisible = 0;
			defaultConfigurationName = Release;
		};
/* End XCConfigurationList section */
	};
	rootObject = 64FB91AD2705CF7C0073C774 /* Project object */;
}
